// !$*UTF8*$!
{
	archiveVersion = 1;
	classes = {
	};
	objectVersion = 50;
	objects = {

/* Begin PBXBuildFile section */
		303D2CB0215CFD6C00E59737 /* AppDelegate.m in Sources */ = {isa = PBXBuildFile; fileRef = 303D2CAF215CFD6C00E59737 /* AppDelegate.m */; };
		303D2CB3215CFD6C00E59737 /* ViewController.m in Sources */ = {isa = PBXBuildFile; fileRef = 303D2CB2215CFD6C00E59737 /* ViewController.m */; };
		303D2CB6215CFD6C00E59737 /* Main.storyboard in Resources */ = {isa = PBXBuildFile; fileRef = 303D2CB4215CFD6C00E59737 /* Main.storyboard */; };
		303D2CB9215CFD6C00E59737 /* lwsuv.xcdatamodeld in Sources */ = {isa = PBXBuildFile; fileRef = 303D2CB7215CFD6C00E59737 /* lwsuv.xcdatamodeld */; };
		303D2CBB215CFD6E00E59737 /* Assets.xcassets in Resources */ = {isa = PBXBuildFile; fileRef = 303D2CBA215CFD6E00E59737 /* Assets.xcassets */; };
		303D2CBE215CFD6E00E59737 /* LaunchScreen.storyboard in Resources */ = {isa = PBXBuildFile; fileRef = 303D2CBC215CFD6E00E59737 /* LaunchScreen.storyboard */; };
		303D2CC1215CFD6E00E59737 /* main.m in Sources */ = {isa = PBXBuildFile; fileRef = 303D2CC0215CFD6E00E59737 /* main.m */; };
		303D2D2F215D038800E59737 /* UIImage+SV.m in Sources */ = {isa = PBXBuildFile; fileRef = 303D2D0A215D038800E59737 /* UIImage+SV.m */; };
		303D2D30215D038800E59737 /* UIViewController+SV.m in Sources */ = {isa = PBXBuildFile; fileRef = 303D2D0B215D038800E59737 /* UIViewController+SV.m */; };
		303D2D31215D038800E59737 /* SVCollectionViewCellModel.m in Sources */ = {isa = PBXBuildFile; fileRef = 303D2D12215D038800E59737 /* SVCollectionViewCellModel.m */; };
		303D2D32215D038800E59737 /* SVTableViewCellModel.m in Sources */ = {isa = PBXBuildFile; fileRef = 303D2D13215D038800E59737 /* SVTableViewCellModel.m */; };
		303D2D33215D038800E59737 /* SVView.m in Sources */ = {isa = PBXBuildFile; fileRef = 303D2D15215D038800E59737 /* SVView.m */; };
		303D2D34215D038800E59737 /* SVButton.m in Sources */ = {isa = PBXBuildFile; fileRef = 303D2D16215D038800E59737 /* SVButton.m */; };
		303D2D35215D038800E59737 /* SVTabBarController.m in Sources */ = {isa = PBXBuildFile; fileRef = 303D2D18215D038800E59737 /* SVTabBarController.m */; };
		303D2D36215D038800E59737 /* SVTableViewSectionView.m in Sources */ = {isa = PBXBuildFile; fileRef = 303D2D1B215D038800E59737 /* SVTableViewSectionView.m */; };
		303D2D37215D038800E59737 /* SVLabel.m in Sources */ = {isa = PBXBuildFile; fileRef = 303D2D1C215D038800E59737 /* SVLabel.m */; };
		303D2D38215D038800E59737 /* SVTableViewCell.m in Sources */ = {isa = PBXBuildFile; fileRef = 303D2D1D215D038800E59737 /* SVTableViewCell.m */; };
		303D2D39215D038800E59737 /* SVNavigationController.m in Sources */ = {isa = PBXBuildFile; fileRef = 303D2D1E215D038800E59737 /* SVNavigationController.m */; };
		303D2D3A215D038800E59737 /* SVCollectionViewCell.m in Sources */ = {isa = PBXBuildFile; fileRef = 303D2D20215D038800E59737 /* SVCollectionViewCell.m */; };
		303D2D3B215D038800E59737 /* SVTableViewController.m in Sources */ = {isa = PBXBuildFile; fileRef = 303D2D24215D038800E59737 /* SVTableViewController.m */; };
		303D2D3C215D038800E59737 /* SVViewController.m in Sources */ = {isa = PBXBuildFile; fileRef = 303D2D25215D038800E59737 /* SVViewController.m */; };
		303D2D3D215D038800E59737 /* SVImageView.m in Sources */ = {isa = PBXBuildFile; fileRef = 303D2D28215D038800E59737 /* SVImageView.m */; };
		303D2D3E215D038800E59737 /* SVTextFieldAndImageView.m in Sources */ = {isa = PBXBuildFile; fileRef = 303D2D2C215D038800E59737 /* SVTextFieldAndImageView.m */; };
		303D2D43215D055400E59737 /* SVUser.m in Sources */ = {isa = PBXBuildFile; fileRef = 303D2D3F215D055300E59737 /* SVUser.m */; };
		303D2D44215D055400E59737 /* SVUserModel.m in Sources */ = {isa = PBXBuildFile; fileRef = 303D2D40215D055400E59737 /* SVUserModel.m */; };
		B67C608EA050E2D2AA5D9E4D /* libPods-lwsuv.a in Frameworks */ = {isa = PBXBuildFile; fileRef = F590B62FDB2BB5341D03ADC4 /* libPods-lwsuv.a */; };
/* End PBXBuildFile section */

/* Begin PBXFileReference section */
		303D2CAB215CFD6C00E59737 /* lwsuv.app */ = {isa = PBXFileReference; explicitFileType = wrapper.application; includeInIndex = 0; path = lwsuv.app; sourceTree = BUILT_PRODUCTS_DIR; };
		303D2CAE215CFD6C00E59737 /* AppDelegate.h */ = {isa = PBXFileReference; lastKnownFileType = sourcecode.c.h; path = AppDelegate.h; sourceTree = "<group>"; };
		303D2CAF215CFD6C00E59737 /* AppDelegate.m */ = {isa = PBXFileReference; lastKnownFileType = sourcecode.c.objc; path = AppDelegate.m; sourceTree = "<group>"; };
		303D2CB1215CFD6C00E59737 /* ViewController.h */ = {isa = PBXFileReference; lastKnownFileType = sourcecode.c.h; path = ViewController.h; sourceTree = "<group>"; };
		303D2CB2215CFD6C00E59737 /* ViewController.m */ = {isa = PBXFileReference; lastKnownFileType = sourcecode.c.objc; path = ViewController.m; sourceTree = "<group>"; };
		303D2CB5215CFD6C00E59737 /* Base */ = {isa = PBXFileReference; lastKnownFileType = file.storyboard; name = Base; path = Base.lproj/Main.storyboard; sourceTree = "<group>"; };
		303D2CB8215CFD6C00E59737 /* lwsuv.xcdatamodel */ = {isa = PBXFileReference; lastKnownFileType = wrapper.xcdatamodel; path = lwsuv.xcdatamodel; sourceTree = "<group>"; };
		303D2CBA215CFD6E00E59737 /* Assets.xcassets */ = {isa = PBXFileReference; lastKnownFileType = folder.assetcatalog; path = Assets.xcassets; sourceTree = "<group>"; };
		303D2CBD215CFD6E00E59737 /* Base */ = {isa = PBXFileReference; lastKnownFileType = file.storyboard; name = Base; path = Base.lproj/LaunchScreen.storyboard; sourceTree = "<group>"; };
		303D2CBF215CFD6E00E59737 /* Info.plist */ = {isa = PBXFileReference; lastKnownFileType = text.plist.xml; path = Info.plist; sourceTree = "<group>"; };
		303D2CC0215CFD6E00E59737 /* main.m */ = {isa = PBXFileReference; lastKnownFileType = sourcecode.c.objc; path = main.m; sourceTree = "<group>"; };
		303D2CCA215D032400E59737 /* SVPrefixHeader.pch */ = {isa = PBXFileReference; fileEncoding = 4; lastKnownFileType = sourcecode.c.h; path = SVPrefixHeader.pch; sourceTree = "<group>"; };
		303D2D08215D038800E59737 /* UIImage+SV.h */ = {isa = PBXFileReference; fileEncoding = 4; lastKnownFileType = sourcecode.c.h; path = "UIImage+SV.h"; sourceTree = "<group>"; };
		303D2D09215D038800E59737 /* UIViewController+SV.h */ = {isa = PBXFileReference; fileEncoding = 4; lastKnownFileType = sourcecode.c.h; path = "UIViewController+SV.h"; sourceTree = "<group>"; };
		303D2D0A215D038800E59737 /* UIImage+SV.m */ = {isa = PBXFileReference; fileEncoding = 4; lastKnownFileType = sourcecode.c.objc; path = "UIImage+SV.m"; sourceTree = "<group>"; };
		303D2D0B215D038800E59737 /* UIViewController+SV.m */ = {isa = PBXFileReference; fileEncoding = 4; lastKnownFileType = sourcecode.c.objc; path = "UIViewController+SV.m"; sourceTree = "<group>"; };
		303D2D0D215D038800E59737 /* SVColorPrefix.h */ = {isa = PBXFileReference; fileEncoding = 4; lastKnownFileType = sourcecode.c.h; path = SVColorPrefix.h; sourceTree = "<group>"; };
		303D2D0E215D038800E59737 /* SVOtherPrefix.h */ = {isa = PBXFileReference; fileEncoding = 4; lastKnownFileType = sourcecode.c.h; path = SVOtherPrefix.h; sourceTree = "<group>"; };
		303D2D10215D038800E59737 /* SVCollectionViewCellModel.h */ = {isa = PBXFileReference; fileEncoding = 4; lastKnownFileType = sourcecode.c.h; path = SVCollectionViewCellModel.h; sourceTree = "<group>"; };
		303D2D11215D038800E59737 /* SVTableViewCellModel.h */ = {isa = PBXFileReference; fileEncoding = 4; lastKnownFileType = sourcecode.c.h; path = SVTableViewCellModel.h; sourceTree = "<group>"; };
		303D2D12215D038800E59737 /* SVCollectionViewCellModel.m */ = {isa = PBXFileReference; fileEncoding = 4; lastKnownFileType = sourcecode.c.objc; path = SVCollectionViewCellModel.m; sourceTree = "<group>"; };
		303D2D13215D038800E59737 /* SVTableViewCellModel.m */ = {isa = PBXFileReference; fileEncoding = 4; lastKnownFileType = sourcecode.c.objc; path = SVTableViewCellModel.m; sourceTree = "<group>"; };
		303D2D15215D038800E59737 /* SVView.m */ = {isa = PBXFileReference; fileEncoding = 4; lastKnownFileType = sourcecode.c.objc; path = SVView.m; sourceTree = "<group>"; };
		303D2D16215D038800E59737 /* SVButton.m */ = {isa = PBXFileReference; fileEncoding = 4; lastKnownFileType = sourcecode.c.objc; path = SVButton.m; sourceTree = "<group>"; };
		303D2D17215D038800E59737 /* SVCollectionViewCell.h */ = {isa = PBXFileReference; fileEncoding = 4; lastKnownFileType = sourcecode.c.h; path = SVCollectionViewCell.h; sourceTree = "<group>"; };
		303D2D18215D038800E59737 /* SVTabBarController.m */ = {isa = PBXFileReference; fileEncoding = 4; lastKnownFileType = sourcecode.c.objc; path = SVTabBarController.m; sourceTree = "<group>"; };
		303D2D19215D038800E59737 /* SVViewController.h */ = {isa = PBXFileReference; fileEncoding = 4; lastKnownFileType = sourcecode.c.h; path = SVViewController.h; sourceTree = "<group>"; };
		303D2D1A215D038800E59737 /* SVTableViewController.h */ = {isa = PBXFileReference; fileEncoding = 4; lastKnownFileType = sourcecode.c.h; path = SVTableViewController.h; sourceTree = "<group>"; };
		303D2D1B215D038800E59737 /* SVTableViewSectionView.m */ = {isa = PBXFileReference; fileEncoding = 4; lastKnownFileType = sourcecode.c.objc; path = SVTableViewSectionView.m; sourceTree = "<group>"; };
		303D2D1C215D038800E59737 /* SVLabel.m */ = {isa = PBXFileReference; fileEncoding = 4; lastKnownFileType = sourcecode.c.objc; path = SVLabel.m; sourceTree = "<group>"; };
		303D2D1D215D038800E59737 /* SVTableViewCell.m */ = {isa = PBXFileReference; fileEncoding = 4; lastKnownFileType = sourcecode.c.objc; path = SVTableViewCell.m; sourceTree = "<group>"; };
		303D2D1E215D038800E59737 /* SVNavigationController.m */ = {isa = PBXFileReference; fileEncoding = 4; lastKnownFileType = sourcecode.c.objc; path = SVNavigationController.m; sourceTree = "<group>"; };
		303D2D1F215D038800E59737 /* SVImageView.h */ = {isa = PBXFileReference; fileEncoding = 4; lastKnownFileType = sourcecode.c.h; path = SVImageView.h; sourceTree = "<group>"; };
		303D2D20215D038800E59737 /* SVCollectionViewCell.m */ = {isa = PBXFileReference; fileEncoding = 4; lastKnownFileType = sourcecode.c.objc; path = SVCollectionViewCell.m; sourceTree = "<group>"; };
		303D2D21215D038800E59737 /* SVButton.h */ = {isa = PBXFileReference; fileEncoding = 4; lastKnownFileType = sourcecode.c.h; path = SVButton.h; sourceTree = "<group>"; };
		303D2D22215D038800E59737 /* SVView.h */ = {isa = PBXFileReference; fileEncoding = 4; lastKnownFileType = sourcecode.c.h; path = SVView.h; sourceTree = "<group>"; };
		303D2D23215D038800E59737 /* SVTableViewSectionView.h */ = {isa = PBXFileReference; fileEncoding = 4; lastKnownFileType = sourcecode.c.h; path = SVTableViewSectionView.h; sourceTree = "<group>"; };
		303D2D24215D038800E59737 /* SVTableViewController.m */ = {isa = PBXFileReference; fileEncoding = 4; lastKnownFileType = sourcecode.c.objc; path = SVTableViewController.m; sourceTree = "<group>"; };
		303D2D25215D038800E59737 /* SVViewController.m */ = {isa = PBXFileReference; fileEncoding = 4; lastKnownFileType = sourcecode.c.objc; path = SVViewController.m; sourceTree = "<group>"; };
		303D2D26215D038800E59737 /* SVTabBarController.h */ = {isa = PBXFileReference; fileEncoding = 4; lastKnownFileType = sourcecode.c.h; path = SVTabBarController.h; sourceTree = "<group>"; };
		303D2D27215D038800E59737 /* SVLabel.h */ = {isa = PBXFileReference; fileEncoding = 4; lastKnownFileType = sourcecode.c.h; path = SVLabel.h; sourceTree = "<group>"; };
		303D2D28215D038800E59737 /* SVImageView.m */ = {isa = PBXFileReference; fileEncoding = 4; lastKnownFileType = sourcecode.c.objc; path = SVImageView.m; sourceTree = "<group>"; };
		303D2D29215D038800E59737 /* SVNavigationController.h */ = {isa = PBXFileReference; fileEncoding = 4; lastKnownFileType = sourcecode.c.h; path = SVNavigationController.h; sourceTree = "<group>"; };
		303D2D2A215D038800E59737 /* SVTableViewCell.h */ = {isa = PBXFileReference; fileEncoding = 4; lastKnownFileType = sourcecode.c.h; path = SVTableViewCell.h; sourceTree = "<group>"; };
		303D2D2C215D038800E59737 /* SVTextFieldAndImageView.m */ = {isa = PBXFileReference; fileEncoding = 4; lastKnownFileType = sourcecode.c.objc; path = SVTextFieldAndImageView.m; sourceTree = "<group>"; };
		303D2D2D215D038800E59737 /* SVTextFieldAndImageView.h */ = {isa = PBXFileReference; fileEncoding = 4; lastKnownFileType = sourcecode.c.h; path = SVTextFieldAndImageView.h; sourceTree = "<group>"; };
		303D2D2E215D038800E59737 /* SVPublicHeader.h */ = {isa = PBXFileReference; fileEncoding = 4; lastKnownFileType = sourcecode.c.h; path = SVPublicHeader.h; sourceTree = "<group>"; };
		303D2D3F215D055300E59737 /* SVUser.m */ = {isa = PBXFileReference; fileEncoding = 4; lastKnownFileType = sourcecode.c.objc; path = SVUser.m; sourceTree = "<group>"; };
		303D2D40215D055400E59737 /* SVUserModel.m */ = {isa = PBXFileReference; fileEncoding = 4; lastKnownFileType = sourcecode.c.objc; path = SVUserModel.m; sourceTree = "<group>"; };
		303D2D41215D055400E59737 /* SVUserModel.h */ = {isa = PBXFileReference; fileEncoding = 4; lastKnownFileType = sourcecode.c.h; path = SVUserModel.h; sourceTree = "<group>"; };
		303D2D42215D055400E59737 /* SVUser.h */ = {isa = PBXFileReference; fileEncoding = 4; lastKnownFileType = sourcecode.c.h; path = SVUser.h; sourceTree = "<group>"; };
		A9A8C6F3A0E0FD40C4039C92 /* Pods-lwsuv.release.xcconfig */ = {isa = PBXFileReference; includeInIndex = 1; lastKnownFileType = text.xcconfig; name = "Pods-lwsuv.release.xcconfig"; path = "Pods/Target Support Files/Pods-lwsuv/Pods-lwsuv.release.xcconfig"; sourceTree = "<group>"; };
		B095C981E691F77D7381774F /* Pods-lwsuv.debug.xcconfig */ = {isa = PBXFileReference; includeInIndex = 1; lastKnownFileType = text.xcconfig; name = "Pods-lwsuv.debug.xcconfig"; path = "Pods/Target Support Files/Pods-lwsuv/Pods-lwsuv.debug.xcconfig"; sourceTree = "<group>"; };
		F590B62FDB2BB5341D03ADC4 /* libPods-lwsuv.a */ = {isa = PBXFileReference; explicitFileType = archive.ar; includeInIndex = 0; path = "libPods-lwsuv.a"; sourceTree = BUILT_PRODUCTS_DIR; };
/* End PBXFileReference section */

/* Begin PBXFrameworksBuildPhase section */
		303D2CA8215CFD6C00E59737 /* Frameworks */ = {
			isa = PBXFrameworksBuildPhase;
			buildActionMask = 2147483647;
			files = (
				B67C608EA050E2D2AA5D9E4D /* libPods-lwsuv.a in Frameworks */,
			);
			runOnlyForDeploymentPostprocessing = 0;
		};
/* End PBXFrameworksBuildPhase section */

/* Begin PBXGroup section */
		303D2CA2215CFD6C00E59737 = {
			isa = PBXGroup;
			children = (
				303D2CAD215CFD6C00E59737 /* lwsuv */,
				303D2CAC215CFD6C00E59737 /* Products */,
				886C5B43755B2428F3E96B25 /* Pods */,
				664E71BA84984099B87B14A6 /* Frameworks */,
			);
			sourceTree = "<group>";
		};
		303D2CAC215CFD6C00E59737 /* Products */ = {
			isa = PBXGroup;
			children = (
				303D2CAB215CFD6C00E59737 /* lwsuv.app */,
			);
			name = Products;
			sourceTree = "<group>";
		};
		303D2CAD215CFD6C00E59737 /* lwsuv */ = {
			isa = PBXGroup;
			children = (
				303D2CAE215CFD6C00E59737 /* AppDelegate.h */,
				303D2CAF215CFD6C00E59737 /* AppDelegate.m */,
				303D2CB1215CFD6C00E59737 /* ViewController.h */,
				303D2CB2215CFD6C00E59737 /* ViewController.m */,
				303D2CCC215D035D00E59737 /* libs */,
				303D2CC9215CFE1E00E59737 /* Supporting Files */,
			);
			path = lwsuv;
			sourceTree = "<group>";
		};
		303D2CC9215CFE1E00E59737 /* Supporting Files */ = {
			isa = PBXGroup;
			children = (
				303D2CB4215CFD6C00E59737 /* Main.storyboard */,
				303D2CBA215CFD6E00E59737 /* Assets.xcassets */,
				303D2CBC215CFD6E00E59737 /* LaunchScreen.storyboard */,
				303D2CBF215CFD6E00E59737 /* Info.plist */,
				303D2CC0215CFD6E00E59737 /* main.m */,
				303D2CB7215CFD6C00E59737 /* lwsuv.xcdatamodeld */,
				303D2CCA215D032400E59737 /* SVPrefixHeader.pch */,
			);
			name = "Supporting Files";
			sourceTree = "<group>";
		};
		303D2CCC215D035D00E59737 /* libs */ = {
			isa = PBXGroup;
			children = (
				303D2D06215D038800E59737 /* Public */,
			);
			path = libs;
			sourceTree = "<group>";
		};
		303D2D06215D038800E59737 /* Public */ = {
			isa = PBXGroup;
			children = (
				303D2D07215D038800E59737 /* extend */,
				303D2D0C215D038800E59737 /* define */,
				303D2D0F215D038800E59737 /* model */,
				303D2D14215D038800E59737 /* view */,
				303D2D2B215D038800E59737 /* tool */,
				303D2D2E215D038800E59737 /* SVPublicHeader.h */,
			);
			path = Public;
			sourceTree = "<group>";
		};
		303D2D07215D038800E59737 /* extend */ = {
			isa = PBXGroup;
			children = (
				303D2D08215D038800E59737 /* UIImage+SV.h */,
				303D2D0A215D038800E59737 /* UIImage+SV.m */,
				303D2D09215D038800E59737 /* UIViewController+SV.h */,
				303D2D0B215D038800E59737 /* UIViewController+SV.m */,
			);
			path = extend;
			sourceTree = "<group>";
		};
		303D2D0C215D038800E59737 /* define */ = {
			isa = PBXGroup;
			children = (
				303D2D0D215D038800E59737 /* SVColorPrefix.h */,
				303D2D0E215D038800E59737 /* SVOtherPrefix.h */,
			);
			path = define;
			sourceTree = "<group>";
		};
		303D2D0F215D038800E59737 /* model */ = {
			isa = PBXGroup;
			children = (
				303D2D42215D055400E59737 /* SVUser.h */,
				303D2D3F215D055300E59737 /* SVUser.m */,
				303D2D41215D055400E59737 /* SVUserModel.h */,
				303D2D40215D055400E59737 /* SVUserModel.m */,
				303D2D10215D038800E59737 /* SVCollectionViewCellModel.h */,
				303D2D12215D038800E59737 /* SVCollectionViewCellModel.m */,
				303D2D11215D038800E59737 /* SVTableViewCellModel.h */,
				303D2D13215D038800E59737 /* SVTableViewCellModel.m */,
			);
			path = model;
			sourceTree = "<group>";
		};
		303D2D14215D038800E59737 /* view */ = {
			isa = PBXGroup;
			children = (
				303D2D21215D038800E59737 /* SVButton.h */,
				303D2D16215D038800E59737 /* SVButton.m */,
				303D2D17215D038800E59737 /* SVCollectionViewCell.h */,
				303D2D20215D038800E59737 /* SVCollectionViewCell.m */,
				303D2D1F215D038800E59737 /* SVImageView.h */,
				303D2D28215D038800E59737 /* SVImageView.m */,
				303D2D27215D038800E59737 /* SVLabel.h */,
				303D2D1C215D038800E59737 /* SVLabel.m */,
				303D2D29215D038800E59737 /* SVNavigationController.h */,
				303D2D1E215D038800E59737 /* SVNavigationController.m */,
				303D2D26215D038800E59737 /* SVTabBarController.h */,
				303D2D18215D038800E59737 /* SVTabBarController.m */,
				303D2D2A215D038800E59737 /* SVTableViewCell.h */,
				303D2D1D215D038800E59737 /* SVTableViewCell.m */,
				303D2D1A215D038800E59737 /* SVTableViewController.h */,
				303D2D24215D038800E59737 /* SVTableViewController.m */,
				303D2D23215D038800E59737 /* SVTableViewSectionView.h */,
				303D2D1B215D038800E59737 /* SVTableViewSectionView.m */,
				303D2D22215D038800E59737 /* SVView.h */,
				303D2D15215D038800E59737 /* SVView.m */,
				303D2D19215D038800E59737 /* SVViewController.h */,
				303D2D25215D038800E59737 /* SVViewController.m */,
			);
			path = view;
			sourceTree = "<group>";
		};
		303D2D2B215D038800E59737 /* tool */ = {
			isa = PBXGroup;
			children = (
				303D2D2D215D038800E59737 /* SVTextFieldAndImageView.h */,
				303D2D2C215D038800E59737 /* SVTextFieldAndImageView.m */,
			);
			path = tool;
			sourceTree = "<group>";
		};
		664E71BA84984099B87B14A6 /* Frameworks */ = {
			isa = PBXGroup;
			children = (
				F590B62FDB2BB5341D03ADC4 /* libPods-lwsuv.a */,
			);
			name = Frameworks;
			sourceTree = "<group>";
		};
		886C5B43755B2428F3E96B25 /* Pods */ = {
			isa = PBXGroup;
			children = (
				B095C981E691F77D7381774F /* Pods-lwsuv.debug.xcconfig */,
				A9A8C6F3A0E0FD40C4039C92 /* Pods-lwsuv.release.xcconfig */,
			);
			name = Pods;
			sourceTree = "<group>";
		};
/* End PBXGroup section */

/* Begin PBXNativeTarget section */
		303D2CAA215CFD6C00E59737 /* lwsuv */ = {
			isa = PBXNativeTarget;
			buildConfigurationList = 303D2CC4215CFD6E00E59737 /* Build configuration list for PBXNativeTarget "lwsuv" */;
			buildPhases = (
				E402E13ACCE4B34CD4266E7A /* [CP] Check Pods Manifest.lock */,
				303D2CA7215CFD6C00E59737 /* Sources */,
				303D2CA8215CFD6C00E59737 /* Frameworks */,
				303D2CA9215CFD6C00E59737 /* Resources */,
				C3D75D050E31829BEC9D6DBC /* [CP] Copy Pods Resources */,
			);
			buildRules = (
			);
			dependencies = (
			);
			name = lwsuv;
			productName = lwsuv;
			productReference = 303D2CAB215CFD6C00E59737 /* lwsuv.app */;
			productType = "com.apple.product-type.application";
		};
/* End PBXNativeTarget section */

/* Begin PBXProject section */
		303D2CA3215CFD6C00E59737 /* Project object */ = {
			isa = PBXProject;
			attributes = {
				CLASSPREFIX = SV;
				LastUpgradeCheck = 1000;
				ORGANIZATIONNAME = "力王工作室";
				TargetAttributes = {
					303D2CAA215CFD6C00E59737 = {
						CreatedOnToolsVersion = 10.0;
					};
				};
			};
			buildConfigurationList = 303D2CA6215CFD6C00E59737 /* Build configuration list for PBXProject "lwsuv" */;
			compatibilityVersion = "Xcode 9.3";
			developmentRegion = en;
			hasScannedForEncodings = 0;
			knownRegions = (
				en,
				Base,
			);
			mainGroup = 303D2CA2215CFD6C00E59737;
			productRefGroup = 303D2CAC215CFD6C00E59737 /* Products */;
			projectDirPath = "";
			projectRoot = "";
			targets = (
				303D2CAA215CFD6C00E59737 /* lwsuv */,
			);
		};
/* End PBXProject section */

/* Begin PBXResourcesBuildPhase section */
		303D2CA9215CFD6C00E59737 /* Resources */ = {
			isa = PBXResourcesBuildPhase;
			buildActionMask = 2147483647;
			files = (
				303D2CBE215CFD6E00E59737 /* LaunchScreen.storyboard in Resources */,
				303D2CBB215CFD6E00E59737 /* Assets.xcassets in Resources */,
				303D2CB6215CFD6C00E59737 /* Main.storyboard in Resources */,
			);
			runOnlyForDeploymentPostprocessing = 0;
		};
/* End PBXResourcesBuildPhase section */

/* Begin PBXShellScriptBuildPhase section */
		C3D75D050E31829BEC9D6DBC /* [CP] Copy Pods Resources */ = {
			isa = PBXShellScriptBuildPhase;
			buildActionMask = 2147483647;
			files = (
			);
			inputPaths = (
				"${SRCROOT}/Pods/Target Support Files/Pods-lwsuv/Pods-lwsuv-resources.sh",
				"${PODS_ROOT}/IQKeyboardManager/IQKeyboardManager/Resources/IQKeyboardManager.bundle",
				"${PODS_ROOT}/MJRefresh/MJRefresh/MJRefresh.bundle",
			);
			name = "[CP] Copy Pods Resources";
			outputPaths = (
				"${TARGET_BUILD_DIR}/${UNLOCALIZED_RESOURCES_FOLDER_PATH}/IQKeyboardManager.bundle",
				"${TARGET_BUILD_DIR}/${UNLOCALIZED_RESOURCES_FOLDER_PATH}/MJRefresh.bundle",
			);
			runOnlyForDeploymentPostprocessing = 0;
			shellPath = /bin/sh;
			shellScript = "\"${SRCROOT}/Pods/Target Support Files/Pods-lwsuv/Pods-lwsuv-resources.sh\"\n";
			showEnvVarsInLog = 0;
		};
		E402E13ACCE4B34CD4266E7A /* [CP] Check Pods Manifest.lock */ = {
			isa = PBXShellScriptBuildPhase;
			buildActionMask = 2147483647;
			files = (
			);
			inputPaths = (
				"${PODS_PODFILE_DIR_PATH}/Podfile.lock",
				"${PODS_ROOT}/Manifest.lock",
			);
			name = "[CP] Check Pods Manifest.lock";
			outputPaths = (
				"$(DERIVED_FILE_DIR)/Pods-lwsuv-checkManifestLockResult.txt",
			);
			runOnlyForDeploymentPostprocessing = 0;
			shellPath = /bin/sh;
			shellScript = "diff \"${PODS_PODFILE_DIR_PATH}/Podfile.lock\" \"${PODS_ROOT}/Manifest.lock\" > /dev/null\nif [ $? != 0 ] ; then\n    # print error to STDERR\n    echo \"error: The sandbox is not in sync with the Podfile.lock. Run 'pod install' or update your CocoaPods installation.\" >&2\n    exit 1\nfi\n# This output is used by Xcode 'outputs' to avoid re-running this script phase.\necho \"SUCCESS\" > \"${SCRIPT_OUTPUT_FILE_0}\"\n";
			showEnvVarsInLog = 0;
		};
/* End PBXShellScriptBuildPhase section */

/* Begin PBXSourcesBuildPhase section */
		303D2CA7215CFD6C00E59737 /* Sources */ = {
			isa = PBXSourcesBuildPhase;
			buildActionMask = 2147483647;
			files = (
				303D2CB3215CFD6C00E59737 /* ViewController.m in Sources */,
				303D2D43215D055400E59737 /* SVUser.m in Sources */,
				303D2D32215D038800E59737 /* SVTableViewCellModel.m in Sources */,
				303D2D3D215D038800E59737 /* SVImageView.m in Sources */,
				303D2D36215D038800E59737 /* SVTableViewSectionView.m in Sources */,
				303D2D38215D038800E59737 /* SVTableViewCell.m in Sources */,
				303D2D3A215D038800E59737 /* SVCollectionViewCell.m in Sources */,
				303D2D3E215D038800E59737 /* SVTextFieldAndImageView.m in Sources */,
				303D2D3B215D038800E59737 /* SVTableViewController.m in Sources */,
				303D2D33215D038800E59737 /* SVView.m in Sources */,
				303D2D34215D038800E59737 /* SVButton.m in Sources */,
				303D2CB0215CFD6C00E59737 /* AppDelegate.m in Sources */,
				303D2D30215D038800E59737 /* UIViewController+SV.m in Sources */,
				303D2D37215D038800E59737 /* SVLabel.m in Sources */,
				303D2D2F215D038800E59737 /* UIImage+SV.m in Sources */,
				303D2D3C215D038800E59737 /* SVViewController.m in Sources */,
				303D2CC1215CFD6E00E59737 /* main.m in Sources */,
				303D2CB9215CFD6C00E59737 /* lwsuv.xcdatamodeld in Sources */,
				303D2D44215D055400E59737 /* SVUserModel.m in Sources */,
				303D2D35215D038800E59737 /* SVTabBarController.m in Sources */,
				303D2D39215D038800E59737 /* SVNavigationController.m in Sources */,
				303D2D31215D038800E59737 /* SVCollectionViewCellModel.m in Sources */,
			);
			runOnlyForDeploymentPostprocessing = 0;
		};
/* End PBXSourcesBuildPhase section */

/* Begin PBXVariantGroup section */
		303D2CB4215CFD6C00E59737 /* Main.storyboard */ = {
			isa = PBXVariantGroup;
			children = (
				303D2CB5215CFD6C00E59737 /* Base */,
			);
			name = Main.storyboard;
			sourceTree = "<group>";
		};
		303D2CBC215CFD6E00E59737 /* LaunchScreen.storyboard */ = {
			isa = PBXVariantGroup;
			children = (
				303D2CBD215CFD6E00E59737 /* Base */,
			);
			name = LaunchScreen.storyboard;
			sourceTree = "<group>";
		};
/* End PBXVariantGroup section */

/* Begin XCBuildConfiguration section */
		303D2CC2215CFD6E00E59737 /* Debug */ = {
			isa = XCBuildConfiguration;
			buildSettings = {
				ALWAYS_SEARCH_USER_PATHS = NO;
				CLANG_ANALYZER_NONNULL = YES;
				CLANG_ANALYZER_NUMBER_OBJECT_CONVERSION = YES_AGGRESSIVE;
				CLANG_CXX_LANGUAGE_STANDARD = "gnu++14";
				CLANG_CXX_LIBRARY = "libc++";
				CLANG_ENABLE_MODULES = YES;
				CLANG_ENABLE_OBJC_ARC = YES;
				CLANG_ENABLE_OBJC_WEAK = YES;
				CLANG_WARN_BLOCK_CAPTURE_AUTORELEASING = YES;
				CLANG_WARN_BOOL_CONVERSION = YES;
				CLANG_WARN_COMMA = YES;
				CLANG_WARN_CONSTANT_CONVERSION = YES;
				CLANG_WARN_DEPRECATED_OBJC_IMPLEMENTATIONS = YES;
				CLANG_WARN_DIRECT_OBJC_ISA_USAGE = YES_ERROR;
				CLANG_WARN_DOCUMENTATION_COMMENTS = YES;
				CLANG_WARN_EMPTY_BODY = YES;
				CLANG_WARN_ENUM_CONVERSION = YES;
				CLANG_WARN_INFINITE_RECURSION = YES;
				CLANG_WARN_INT_CONVERSION = YES;
				CLANG_WARN_NON_LITERAL_NULL_CONVERSION = YES;
				CLANG_WARN_OBJC_IMPLICIT_RETAIN_SELF = YES;
				CLANG_WARN_OBJC_LITERAL_CONVERSION = YES;
				CLANG_WARN_OBJC_ROOT_CLASS = YES_ERROR;
				CLANG_WARN_RANGE_LOOP_ANALYSIS = YES;
				CLANG_WARN_STRICT_PROTOTYPES = YES;
				CLANG_WARN_SUSPICIOUS_MOVE = YES;
				CLANG_WARN_UNGUARDED_AVAILABILITY = YES_AGGRESSIVE;
				CLANG_WARN_UNREACHABLE_CODE = YES;
				CLANG_WARN__DUPLICATE_METHOD_MATCH = YES;
				CODE_SIGN_IDENTITY = "iPhone Developer";
				COPY_PHASE_STRIP = NO;
				DEBUG_INFORMATION_FORMAT = dwarf;
				ENABLE_STRICT_OBJC_MSGSEND = YES;
				ENABLE_TESTABILITY = YES;
				GCC_C_LANGUAGE_STANDARD = gnu11;
				GCC_DYNAMIC_NO_PIC = NO;
				GCC_NO_COMMON_BLOCKS = YES;
				GCC_OPTIMIZATION_LEVEL = 0;
				GCC_PREPROCESSOR_DEFINITIONS = (
					"DEBUG=1",
					"$(inherited)",
				);
				GCC_WARN_64_TO_32_BIT_CONVERSION = YES;
				GCC_WARN_ABOUT_RETURN_TYPE = YES_ERROR;
				GCC_WARN_UNDECLARED_SELECTOR = YES;
				GCC_WARN_UNINITIALIZED_AUTOS = YES_AGGRESSIVE;
				GCC_WARN_UNUSED_FUNCTION = YES;
				GCC_WARN_UNUSED_VARIABLE = YES;
				IPHONEOS_DEPLOYMENT_TARGET = 10.0;
				MTL_ENABLE_DEBUG_INFO = INCLUDE_SOURCE;
				MTL_FAST_MATH = YES;
				ONLY_ACTIVE_ARCH = YES;
				SDKROOT = iphoneos;
			};
			name = Debug;
		};
		303D2CC3215CFD6E00E59737 /* Release */ = {
			isa = XCBuildConfiguration;
			buildSettings = {
				ALWAYS_SEARCH_USER_PATHS = NO;
				CLANG_ANALYZER_NONNULL = YES;
				CLANG_ANALYZER_NUMBER_OBJECT_CONVERSION = YES_AGGRESSIVE;
				CLANG_CXX_LANGUAGE_STANDARD = "gnu++14";
				CLANG_CXX_LIBRARY = "libc++";
				CLANG_ENABLE_MODULES = YES;
				CLANG_ENABLE_OBJC_ARC = YES;
				CLANG_ENABLE_OBJC_WEAK = YES;
				CLANG_WARN_BLOCK_CAPTURE_AUTORELEASING = YES;
				CLANG_WARN_BOOL_CONVERSION = YES;
				CLANG_WARN_COMMA = YES;
				CLANG_WARN_CONSTANT_CONVERSION = YES;
				CLANG_WARN_DEPRECATED_OBJC_IMPLEMENTATIONS = YES;
				CLANG_WARN_DIRECT_OBJC_ISA_USAGE = YES_ERROR;
				CLANG_WARN_DOCUMENTATION_COMMENTS = YES;
				CLANG_WARN_EMPTY_BODY = YES;
				CLANG_WARN_ENUM_CONVERSION = YES;
				CLANG_WARN_INFINITE_RECURSION = YES;
				CLANG_WARN_INT_CONVERSION = YES;
				CLANG_WARN_NON_LITERAL_NULL_CONVERSION = YES;
				CLANG_WARN_OBJC_IMPLICIT_RETAIN_SELF = YES;
				CLANG_WARN_OBJC_LITERAL_CONVERSION = YES;
				CLANG_WARN_OBJC_ROOT_CLASS = YES_ERROR;
				CLANG_WARN_RANGE_LOOP_ANALYSIS = YES;
				CLANG_WARN_STRICT_PROTOTYPES = YES;
				CLANG_WARN_SUSPICIOUS_MOVE = YES;
				CLANG_WARN_UNGUARDED_AVAILABILITY = YES_AGGRESSIVE;
				CLANG_WARN_UNREACHABLE_CODE = YES;
				CLANG_WARN__DUPLICATE_METHOD_MATCH = YES;
				CODE_SIGN_IDENTITY = "iPhone Developer";
				COPY_PHASE_STRIP = NO;
				DEBUG_INFORMATION_FORMAT = "dwarf-with-dsym";
				ENABLE_NS_ASSERTIONS = NO;
				ENABLE_STRICT_OBJC_MSGSEND = YES;
				GCC_C_LANGUAGE_STANDARD = gnu11;
				GCC_NO_COMMON_BLOCKS = YES;
				GCC_WARN_64_TO_32_BIT_CONVERSION = YES;
				GCC_WARN_ABOUT_RETURN_TYPE = YES_ERROR;
				GCC_WARN_UNDECLARED_SELECTOR = YES;
				GCC_WARN_UNINITIALIZED_AUTOS = YES_AGGRESSIVE;
				GCC_WARN_UNUSED_FUNCTION = YES;
				GCC_WARN_UNUSED_VARIABLE = YES;
				IPHONEOS_DEPLOYMENT_TARGET = 10.0;
				MTL_ENABLE_DEBUG_INFO = NO;
				MTL_FAST_MATH = YES;
				SDKROOT = iphoneos;
				VALIDATE_PRODUCT = YES;
			};
			name = Release;
		};
		303D2CC5215CFD6E00E59737 /* Debug */ = {
			isa = XCBuildConfiguration;
			baseConfigurationReference = B095C981E691F77D7381774F /* Pods-lwsuv.debug.xcconfig */;
			buildSettings = {
				ASSETCATALOG_COMPILER_APPICON_NAME = AppIcon;
				CODE_SIGN_STYLE = Automatic;
				DEVELOPMENT_TEAM = TB5KM6Y5DQ;
				GCC_PREFIX_HEADER = "$(SRCROOT)/lwsuv/SVPrefixHeader.pch";
				INFOPLIST_FILE = lwsuv/Info.plist;
				LD_RUNPATH_SEARCH_PATHS = (
					"$(inherited)",
					"@executable_path/Frameworks",
				);
				PRODUCT_BUNDLE_IDENTIFIER = "---.lwsuv";
				PRODUCT_NAME = "$(TARGET_NAME)";
				TARGETED_DEVICE_FAMILY = "1,2";
			};
			name = Debug;
		};
		303D2CC6215CFD6E00E59737 /* Release */ = {
			isa = XCBuildConfiguration;
			baseConfigurationReference = A9A8C6F3A0E0FD40C4039C92 /* Pods-lwsuv.release.xcconfig */;
			buildSettings = {
				ASSETCATALOG_COMPILER_APPICON_NAME = AppIcon;
				CODE_SIGN_STYLE = Automatic;
				DEVELOPMENT_TEAM = TB5KM6Y5DQ;
				GCC_PREFIX_HEADER = "$(SRCROOT)/lwsuv/SVPrefixHeader.pch";
				INFOPLIST_FILE = lwsuv/Info.plist;
				LD_RUNPATH_SEARCH_PATHS = (
					"$(inherited)",
					"@executable_path/Frameworks",
				);
				PRODUCT_BUNDLE_IDENTIFIER = "---.lwsuv";
				PRODUCT_NAME = "$(TARGET_NAME)";
				TARGETED_DEVICE_FAMILY = "1,2";
			};
			name = Release;
		};
/* End XCBuildConfiguration section */

/* Begin XCConfigurationList section */
		303D2CA6215CFD6C00E59737 /* Build configuration list for PBXProject "lwsuv" */ = {
			isa = XCConfigurationList;
			buildConfigurations = (
				303D2CC2215CFD6E00E59737 /* Debug */,
				303D2CC3215CFD6E00E59737 /* Release */,
			);
			defaultConfigurationIsVisible = 0;
			defaultConfigurationName = Release;
		};
		303D2CC4215CFD6E00E59737 /* Build configuration list for PBXNativeTarget "lwsuv" */ = {
			isa = XCConfigurationList;
			buildConfigurations = (
				303D2CC5215CFD6E00E59737 /* Debug */,
				303D2CC6215CFD6E00E59737 /* Release */,
			);
			defaultConfigurationIsVisible = 0;
			defaultConfigurationName = Release;
		};
/* End XCConfigurationList section */

/* Begin XCVersionGroup section */
		303D2CB7215CFD6C00E59737 /* lwsuv.xcdatamodeld */ = {
			isa = XCVersionGroup;
			children = (
				303D2CB8215CFD6C00E59737 /* lwsuv.xcdatamodel */,
			);
			currentVersion = 303D2CB8215CFD6C00E59737 /* lwsuv.xcdatamodel */;
			path = lwsuv.xcdatamodeld;
			sourceTree = "<group>";
			versionGroupType = wrapper.xcdatamodel;
		};
/* End XCVersionGroup section */
	};
	rootObject = 303D2CA3215CFD6C00E59737 /* Project object */;
}
